
Microsoft Visual Studio Solution File, Format Version 12.00
# Visual Studio Version 17
VisualStudioVersion = 17.8.34330.188
MinimumVisualStudioVersion = 10.0.40219.1
Project("{FAE04EC0-301F-11D3-BF4B-00C04F79EFBC}") = "Agend", "Agend\Agend.csproj", "{F9A694A7-CE73-499B-8D3B-C7D663C19E2F}"
EndProject
Global
	GlobalSection(SolutionConfigurationPlatforms) = preSolution
		Debug|Any CPU = Debug|Any CPU
		Release|Any CPU = Release|Any CPU
	EndGlobalSection
	GlobalSection(ProjectConfigurationPlatforms) = postSolution
		{F9A694A7-CE73-499B-8D3B-C7D663C19E2F}.Debug|Any CPU.ActiveCfg = Debug|Any CPU
		{F9A694A7-CE73-499B-8D3B-C7D663C19E2F}.Debug|Any CPU.Build.0 = Debug|Any CPU
		{F9A694A7-CE73-499B-8D3B-C7D663C19E2F}.Release|Any CPU.ActiveCfg = Release|Any CPU
		{F9A694A7-CE73-499B-8D3B-C7D663C19E2F}.Release|Any CPU.Build.0 = Release|Any CPU
	EndGlobalSection
	GlobalSection(SolutionProperties) = preSolution
		HideSolutionNode = FALSE
	EndGlobalSection
	GlobalSection(ExtensibilityGlobals) = postSolution
		SolutionGuid = {472DCE1F-994D-4B29-940A-4374379EF47F}
	EndGlobalSection
EndGlobal
